
Microsoft Visual Studio Solution File, Format Version 12.00
# Visual Studio Version 17
VisualStudioVersion = 17.10.35122.118
MinimumVisualStudioVersion = 10.0.40219.1
Project("{9A19103F-16F7-4668-BE54-9A1E7A4F7556}") = "Visage.Data", "..\Visage.Data\Visage.Data.csproj", "{A5965BFA-DDA6-41E3-8FC4-A7B988EC4331}"
EndProject
Project("{FAE04EC0-301F-11D3-BF4B-00C04F79EFBC}") = "Visage.Web", "..\Visage.Web\Visage.Web.csproj", "{E8988731-FCBA-4064-BD2D-FEEBBCB0F8E1}"
EndProject
Global
	GlobalSection(SolutionConfigurationPlatforms) = preSolution
		Debug|Any CPU = Debug|Any CPU
		Release|Any CPU = Release|Any CPU
	EndGlobalSection
	GlobalSection(ProjectConfigurationPlatforms) = postSolution
		{A5965BFA-DDA6-41E3-8FC4-A7B988EC4331}.Debug|Any CPU.ActiveCfg = Debug|Any CPU
		{A5965BFA-DDA6-41E3-8FC4-A7B988EC4331}.Debug|Any CPU.Build.0 = Debug|Any CPU
		{A5965BFA-DDA6-41E3-8FC4-A7B988EC4331}.Release|Any CPU.ActiveCfg = Release|Any CPU
		{A5965BFA-DDA6-41E3-8FC4-A7B988EC4331}.Release|Any CPU.Build.0 = Release|Any CPU
		{E8988731-FCBA-4064-BD2D-FEEBBCB0F8E1}.Debug|Any CPU.ActiveCfg = Debug|Any CPU
		{E8988731-FCBA-4064-BD2D-FEEBBCB0F8E1}.Debug|Any CPU.Build.0 = Debug|Any CPU
		{E8988731-FCBA-4064-BD2D-FEEBBCB0F8E1}.Release|Any CPU.ActiveCfg = Release|Any CPU
		{E8988731-FCBA-4064-BD2D-FEEBBCB0F8E1}.Release|Any CPU.Build.0 = Release|Any CPU
	EndGlobalSection
	GlobalSection(SolutionProperties) = preSolution
		HideSolutionNode = FALSE
	EndGlobalSection
	GlobalSection(ExtensibilityGlobals) = postSolution
		SolutionGuid = {EA8CF146-B214-41FE-92B4-9099987EA10D}
	EndGlobalSection
EndGlobal
