
Microsoft Visual Studio Solution File, Format Version 12.00
# Visual Studio Version 17
VisualStudioVersion = 17.10.35122.118
MinimumVisualStudioVersion = 10.0.40219.1
Project("{9A19103F-16F7-4668-BE54-9A1E7A4F7556}") = "Visage.Web", "Visage.Web.csproj", "{EFDD93DB-79F4-4734-8DF2-2FB2DD8B3005}"
EndProject
Global
	GlobalSection(SolutionConfigurationPlatforms) = preSolution
		Debug|Any CPU = Debug|Any CPU
		Release|Any CPU = Release|Any CPU
	EndGlobalSection
	GlobalSection(ProjectConfigurationPlatforms) = postSolution
		{EFDD93DB-79F4-4734-8DF2-2FB2DD8B3005}.Debug|Any CPU.ActiveCfg = Debug|Any CPU
		{EFDD93DB-79F4-4734-8DF2-2FB2DD8B3005}.Debug|Any CPU.Build.0 = Debug|Any CPU
		{EFDD93DB-79F4-4734-8DF2-2FB2DD8B3005}.Release|Any CPU.ActiveCfg = Release|Any CPU
		{EFDD93DB-79F4-4734-8DF2-2FB2DD8B3005}.Release|Any CPU.Build.0 = Release|Any CPU
	EndGlobalSection
	GlobalSection(SolutionProperties) = preSolution
		HideSolutionNode = FALSE
	EndGlobalSection
	GlobalSection(ExtensibilityGlobals) = postSolution
		SolutionGuid = {FC52AE3B-A333-40F3-9488-6639A838F732}
	EndGlobalSection
EndGlobal
